
Microsoft Visual Studio Solution File, Format Version 12.00
# Visual Studio Version 17
VisualStudioVersion = 17.10.35013.160
MinimumVisualStudioVersion = 10.0.40219.1
Project("{FAE04EC0-301F-11D3-BF4B-00C04F79EFBC}") = "gamecity", "gamecity\gamecity.csproj", "{3C58D02F-CCC3-4EE4-B7C6-C2A10EECAEEA}"
EndProject
Global
	GlobalSection(SolutionConfigurationPlatforms) = preSolution
		Debug|Any CPU = Debug|Any CPU
		Release|Any CPU = Release|Any CPU
	EndGlobalSection
	GlobalSection(ProjectConfigurationPlatforms) = postSolution
		{3C58D02F-CCC3-4EE4-B7C6-C2A10EECAEEA}.Debug|Any CPU.ActiveCfg = Debug|Any CPU
		{3C58D02F-CCC3-4EE4-B7C6-C2A10EECAEEA}.Debug|Any CPU.Build.0 = Debug|Any CPU
		{3C58D02F-CCC3-4EE4-B7C6-C2A10EECAEEA}.Release|Any CPU.ActiveCfg = Release|Any CPU
		{3C58D02F-CCC3-4EE4-B7C6-C2A10EECAEEA}.Release|Any CPU.Build.0 = Release|Any CPU
	EndGlobalSection
	GlobalSection(SolutionProperties) = preSolution
		HideSolutionNode = FALSE
	EndGlobalSection
	GlobalSection(ExtensibilityGlobals) = postSolution
		SolutionGuid = {3C34B86E-3F5D-4075-B3AC-48BF3647AE00}
	EndGlobalSection
EndGlobal
